Microsoft Visual Studio Solution File, Format Version 12.00
# Visual Studio 15
VisualStudioVersion = 15.0.26621.2
MinimumVisualStudioVersion = 15.0.26124.0
Project("{6EC3EE1D-3C4E-46DD-8F32-0CC8E7565705}") = "l1", "l1\l1.fsproj", "{01CC2ABD-3F56-45F1-9EAC-E23E4569C8B5}"
EndProject
Project("{6EC3EE1D-3C4E-46DD-8F32-0CC8E7565705}") = "c1", "c1\c1.fsproj", "{6D808C0C-5282-4B1E-B418-B001FA452FC9}"
EndProject
Global
	GlobalSection(SolutionConfigurationPlatforms) = preSolution
		Debug|Any CPU = Debug|Any CPU
		Debug|x64 = Debug|x64
		Debug|x86 = Debug|x86
		Release|Any CPU = Release|Any CPU
		Release|x64 = Release|x64
		Release|x86 = Release|x86
	EndGlobalSection
	GlobalSection(ProjectConfigurationPlatforms) = postSolution
		{01CC2ABD-3F56-45F1-9EAC-E23E4569C8B5}.Debug|Any CPU.ActiveCfg = Debug|Any CPU
		{01CC2ABD-3F56-45F1-9EAC-E23E4569C8B5}.Debug|Any CPU.Build.0 = Debug|Any CPU
		{01CC2ABD-3F56-45F1-9EAC-E23E4569C8B5}.Debug|x64.ActiveCfg = Debug|Any CPU
		{01CC2ABD-3F56-45F1-9EAC-E23E4569C8B5}.Debug|x64.Build.0 = Debug|Any CPU
		{01CC2ABD-3F56-45F1-9EAC-E23E4569C8B5}.Debug|x86.ActiveCfg = Debug|Any CPU
		{01CC2ABD-3F56-45F1-9EAC-E23E4569C8B5}.Debug|x86.Build.0 = Debug|Any CPU
		{01CC2ABD-3F56-45F1-9EAC-E23E4569C8B5}.Release|Any CPU.ActiveCfg = Release|Any CPU
		{01CC2ABD-3F56-45F1-9EAC-E23E4569C8B5}.Release|Any CPU.Build.0 = Release|Any CPU
		{01CC2ABD-3F56-45F1-9EAC-E23E4569C8B5}.Release|x64.ActiveCfg = Release|Any CPU
		{01CC2ABD-3F56-45F1-9EAC-E23E4569C8B5}.Release|x64.Build.0 = Release|Any CPU
		{01CC2ABD-3F56-45F1-9EAC-E23E4569C8B5}.Release|x86.ActiveCfg = Release|Any CPU
		{01CC2ABD-3F56-45F1-9EAC-E23E4569C8B5}.Release|x86.Build.0 = Release|Any CPU
		{6D808C0C-5282-4B1E-B418-B001FA452FC9}.Debug|Any CPU.ActiveCfg = Debug|Any CPU
		{6D808C0C-5282-4B1E-B418-B001FA452FC9}.Debug|Any CPU.Build.0 = Debug|Any CPU
		{6D808C0C-5282-4B1E-B418-B001FA452FC9}.Debug|x64.ActiveCfg = Debug|Any CPU
		{6D808C0C-5282-4B1E-B418-B001FA452FC9}.Debug|x64.Build.0 = Debug|Any CPU
		{6D808C0C-5282-4B1E-B418-B001FA452FC9}.Debug|x86.ActiveCfg = Debug|Any CPU
		{6D808C0C-5282-4B1E-B418-B001FA452FC9}.Debug|x86.Build.0 = Debug|Any CPU
		{6D808C0C-5282-4B1E-B418-B001FA452FC9}.Release|Any CPU.ActiveCfg = Release|Any CPU
		{6D808C0C-5282-4B1E-B418-B001FA452FC9}.Release|Any CPU.Build.0 = Release|Any CPU
		{6D808C0C-5282-4B1E-B418-B001FA452FC9}.Release|x64.ActiveCfg = Release|Any CPU
		{6D808C0C-5282-4B1E-B418-B001FA452FC9}.Release|x64.Build.0 = Release|Any CPU
		{6D808C0C-5282-4B1E-B418-B001FA452FC9}.Release|x86.ActiveCfg = Release|Any CPU
		{6D808C0C-5282-4B1E-B418-B001FA452FC9}.Release|x86.Build.0 = Release|Any CPU
	EndGlobalSection
	GlobalSection(SolutionProperties) = preSolution
		HideSolutionNode = FALSE
	EndGlobalSection
	GlobalSection(ExtensibilityGlobals) = postSolution
		SolutionGuid = {0015E0A3-B4A1-4518-AFCF-F244BE51E3D3}
	EndGlobalSection
EndGlobal
